// !$*UTF8*$!
{
	archiveVersion = 1;
	classes = {
	};
	objectVersion = 52;
	objects = {

/* Begin PBXBuildFile section */
		7E083ADF26C2104B002F3F1F /* FilterService.swift in Sources */ = {isa = PBXBuildFile; fileRef = 7E083ADE26C2104B002F3F1F /* FilterService.swift */; };
		7EB02C5126B7341500E778E0 /* AppDelegate.swift in Sources */ = {isa = PBXBuildFile; fileRef = 7EB02C5026B7341500E778E0 /* AppDelegate.swift */; };
		7EB02C5326B7341500E778E0 /* SceneDelegate.swift in Sources */ = {isa = PBXBuildFile; fileRef = 7EB02C5226B7341500E778E0 /* SceneDelegate.swift */; };
		7EB02C5526B7341500E778E0 /* AppContainerViewController.swift in Sources */ = {isa = PBXBuildFile; fileRef = 7EB02C5426B7341500E778E0 /* AppContainerViewController.swift */; };
		7EB02C5A26B7341700E778E0 /* Assets.xcassets in Resources */ = {isa = PBXBuildFile; fileRef = 7EB02C5926B7341700E778E0 /* Assets.xcassets */; };
		7EB02C5D26B7341700E778E0 /* LaunchScreen.storyboard in Resources */ = {isa = PBXBuildFile; fileRef = 7EB02C5B26B7341700E778E0 /* LaunchScreen.storyboard */; };
		7EB02C6826B75F0600E778E0 /* GalleryViewController.swift in Sources */ = {isa = PBXBuildFile; fileRef = 7EB02C6726B75F0600E778E0 /* GalleryViewController.swift */; };
		7EB02C6A26B75F4100E778E0 /* GalleryView.swift in Sources */ = {isa = PBXBuildFile; fileRef = 7EB02C6926B75F4100E778E0 /* GalleryView.swift */; };
		7EB02C6D26B75F6D00E778E0 /* BaseView.swift in Sources */ = {isa = PBXBuildFile; fileRef = 7EB02C6C26B75F6D00E778E0 /* BaseView.swift */; };
		7EB02C7026B75FFB00E778E0 /* SnapKit in Frameworks */ = {isa = PBXBuildFile; productRef = 7EB02C6F26B75FFB00E778E0 /* SnapKit */; };
		7EB02C7626B762DE00E778E0 /* UIButton+Extensions.swift in Sources */ = {isa = PBXBuildFile; fileRef = 7EB02C7526B762DE00E778E0 /* UIButton+Extensions.swift */; };
		7EB02C7926B76AF600E778E0 /* FiltersViewController.swift in Sources */ = {isa = PBXBuildFile; fileRef = 7EB02C7826B76AF600E778E0 /* FiltersViewController.swift */; };
		7EB02C7B26B76C4100E778E0 /* FiltersView.swift in Sources */ = {isa = PBXBuildFile; fileRef = 7EB02C7A26B76C4100E778E0 /* FiltersView.swift */; };
		7EB02C7D26B76D8500E778E0 /* UIViewController+Extensions.swift in Sources */ = {isa = PBXBuildFile; fileRef = 7EB02C7C26B76D8500E778E0 /* UIViewController+Extensions.swift */; };
		7EB02C7F26B777E500E778E0 /* PhotoViewCell.swift in Sources */ = {isa = PBXBuildFile; fileRef = 7EB02C7E26B777E500E778E0 /* PhotoViewCell.swift */; };
		7EB02C8226B7827100E778E0 /* PhotoPreviewViewController.swift in Sources */ = {isa = PBXBuildFile; fileRef = 7EB02C8126B7827100E778E0 /* PhotoPreviewViewController.swift */; };
		7EB02C8426B7829400E778E0 /* PhotoPreviewView.swift in Sources */ = {isa = PBXBuildFile; fileRef = 7EB02C8326B7829400E778E0 /* PhotoPreviewView.swift */; };
/* End PBXBuildFile section */

/* Begin PBXFileReference section */
		7E083ADE26C2104B002F3F1F /* FilterService.swift */ = {isa = PBXFileReference; lastKnownFileType = sourcecode.swift; path = FilterService.swift; sourceTree = "<group>"; };
		7EB02C4D26B7341500E778E0 /* cam-gallery.app */ = {isa = PBXFileReference; explicitFileType = wrapper.application; includeInIndex = 0; path = "cam-gallery.app"; sourceTree = BUILT_PRODUCTS_DIR; };
		7EB02C5026B7341500E778E0 /* AppDelegate.swift */ = {isa = PBXFileReference; lastKnownFileType = sourcecode.swift; path = AppDelegate.swift; sourceTree = "<group>"; };
		7EB02C5226B7341500E778E0 /* SceneDelegate.swift */ = {isa = PBXFileReference; lastKnownFileType = sourcecode.swift; path = SceneDelegate.swift; sourceTree = "<group>"; };
		7EB02C5426B7341500E778E0 /* AppContainerViewController.swift */ = {isa = PBXFileReference; lastKnownFileType = sourcecode.swift; path = AppContainerViewController.swift; sourceTree = "<group>"; };
		7EB02C5926B7341700E778E0 /* Assets.xcassets */ = {isa = PBXFileReference; lastKnownFileType = folder.assetcatalog; path = Assets.xcassets; sourceTree = "<group>"; };
		7EB02C5C26B7341700E778E0 /* Base */ = {isa = PBXFileReference; lastKnownFileType = file.storyboard; name = Base; path = Base.lproj/LaunchScreen.storyboard; sourceTree = "<group>"; };
		7EB02C5E26B7341700E778E0 /* Info.plist */ = {isa = PBXFileReference; lastKnownFileType = text.plist.xml; path = Info.plist; sourceTree = "<group>"; };
		7EB02C6726B75F0600E778E0 /* GalleryViewController.swift */ = {isa = PBXFileReference; lastKnownFileType = sourcecode.swift; path = GalleryViewController.swift; sourceTree = "<group>"; };
		7EB02C6926B75F4100E778E0 /* GalleryView.swift */ = {isa = PBXFileReference; lastKnownFileType = sourcecode.swift; path = GalleryView.swift; sourceTree = "<group>"; };
		7EB02C6C26B75F6D00E778E0 /* BaseView.swift */ = {isa = PBXFileReference; lastKnownFileType = sourcecode.swift; path = BaseView.swift; sourceTree = "<group>"; };
		7EB02C7526B762DE00E778E0 /* UIButton+Extensions.swift */ = {isa = PBXFileReference; lastKnownFileType = sourcecode.swift; path = "UIButton+Extensions.swift"; sourceTree = "<group>"; };
		7EB02C7826B76AF600E778E0 /* FiltersViewController.swift */ = {isa = PBXFileReference; lastKnownFileType = sourcecode.swift; path = FiltersViewController.swift; sourceTree = "<group>"; };
		7EB02C7A26B76C4100E778E0 /* FiltersView.swift */ = {isa = PBXFileReference; lastKnownFileType = sourcecode.swift; path = FiltersView.swift; sourceTree = "<group>"; };
		7EB02C7C26B76D8500E778E0 /* UIViewController+Extensions.swift */ = {isa = PBXFileReference; lastKnownFileType = sourcecode.swift; path = "UIViewController+Extensions.swift"; sourceTree = "<group>"; };
		7EB02C7E26B777E500E778E0 /* PhotoViewCell.swift */ = {isa = PBXFileReference; lastKnownFileType = sourcecode.swift; path = PhotoViewCell.swift; sourceTree = "<group>"; };
		7EB02C8126B7827100E778E0 /* PhotoPreviewViewController.swift */ = {isa = PBXFileReference; lastKnownFileType = sourcecode.swift; path = PhotoPreviewViewController.swift; sourceTree = "<group>"; };
		7EB02C8326B7829400E778E0 /* PhotoPreviewView.swift */ = {isa = PBXFileReference; lastKnownFileType = sourcecode.swift; path = PhotoPreviewView.swift; sourceTree = "<group>"; };
/* End PBXFileReference section */

/* Begin PBXFrameworksBuildPhase section */
		7EB02C4A26B7341500E778E0 /* Frameworks */ = {
			isa = PBXFrameworksBuildPhase;
			buildActionMask = 2147483647;
			files = (
				7EB02C7026B75FFB00E778E0 /* SnapKit in Frameworks */,
			);
			runOnlyForDeploymentPostprocessing = 0;
		};
/* End PBXFrameworksBuildPhase section */

/* Begin PBXGroup section */
		7E083ADD26C21030002F3F1F /* Services */ = {
			isa = PBXGroup;
			children = (
				7E083ADE26C2104B002F3F1F /* FilterService.swift */,
			);
			path = Services;
			sourceTree = "<group>";
		};
		7EB02C4426B7341500E778E0 = {
			isa = PBXGroup;
			children = (
				7EB02C4F26B7341500E778E0 /* cam-gallery */,
				7EB02C4E26B7341500E778E0 /* Products */,
			);
			sourceTree = "<group>";
		};
		7EB02C4E26B7341500E778E0 /* Products */ = {
			isa = PBXGroup;
			children = (
				7EB02C4D26B7341500E778E0 /* cam-gallery.app */,
			);
			name = Products;
			sourceTree = "<group>";
		};
		7EB02C4F26B7341500E778E0 /* cam-gallery */ = {
			isa = PBXGroup;
			children = (
				7E083ADD26C21030002F3F1F /* Services */,
				7EB02C7426B762C400E778E0 /* Extensions */,
				7EB02C6B26B75F5D00E778E0 /* Protocols */,
				7EB02C6526B75E4100E778E0 /* Modules */,
				7EB02C6426B7396900E778E0 /* App */,
				7EB02C5026B7341500E778E0 /* AppDelegate.swift */,
				7EB02C5226B7341500E778E0 /* SceneDelegate.swift */,
				7EB02C5926B7341700E778E0 /* Assets.xcassets */,
				7EB02C5B26B7341700E778E0 /* LaunchScreen.storyboard */,
				7EB02C5E26B7341700E778E0 /* Info.plist */,
			);
			path = "cam-gallery";
			sourceTree = "<group>";
		};
		7EB02C6426B7396900E778E0 /* App */ = {
			isa = PBXGroup;
			children = (
				7EB02C5426B7341500E778E0 /* AppContainerViewController.swift */,
			);
			path = App;
			sourceTree = "<group>";
		};
		7EB02C6526B75E4100E778E0 /* Modules */ = {
			isa = PBXGroup;
			children = (
				7EB02C7726B76AD700E778E0 /* Filters */,
				7EB02C6626B75E4E00E778E0 /* Gallery */,
			);
			path = Modules;
			sourceTree = "<group>";
		};
		7EB02C6626B75E4E00E778E0 /* Gallery */ = {
			isa = PBXGroup;
			children = (
				7EB02C8026B7823400E778E0 /* Photo */,
				7EB02C6726B75F0600E778E0 /* GalleryViewController.swift */,
				7EB02C6926B75F4100E778E0 /* GalleryView.swift */,
				7EB02C7E26B777E500E778E0 /* PhotoViewCell.swift */,
			);
			path = Gallery;
			sourceTree = "<group>";
		};
		7EB02C6B26B75F5D00E778E0 /* Protocols */ = {
			isa = PBXGroup;
			children = (
				7EB02C6C26B75F6D00E778E0 /* BaseView.swift */,
			);
			path = Protocols;
			sourceTree = "<group>";
		};
		7EB02C7426B762C400E778E0 /* Extensions */ = {
			isa = PBXGroup;
			children = (
				7EB02C7526B762DE00E778E0 /* UIButton+Extensions.swift */,
				7EB02C7C26B76D8500E778E0 /* UIViewController+Extensions.swift */,
			);
			path = Extensions;
			sourceTree = "<group>";
		};
		7EB02C7726B76AD700E778E0 /* Filters */ = {
			isa = PBXGroup;
			children = (
				7EB02C7826B76AF600E778E0 /* FiltersViewController.swift */,
				7EB02C7A26B76C4100E778E0 /* FiltersView.swift */,
			);
			path = Filters;
			sourceTree = "<group>";
		};
		7EB02C8026B7823400E778E0 /* Photo */ = {
			isa = PBXGroup;
			children = (
				7EB02C8126B7827100E778E0 /* PhotoPreviewViewController.swift */,
				7EB02C8326B7829400E778E0 /* PhotoPreviewView.swift */,
			);
			path = Photo;
			sourceTree = "<group>";
		};
/* End PBXGroup section */

/* Begin PBXNativeTarget section */
		7EB02C4C26B7341500E778E0 /* cam-gallery */ = {
			isa = PBXNativeTarget;
			buildConfigurationList = 7EB02C6126B7341700E778E0 /* Build configuration list for PBXNativeTarget "cam-gallery" */;
			buildPhases = (
				7EB02C4926B7341500E778E0 /* Sources */,
				7EB02C4A26B7341500E778E0 /* Frameworks */,
				7EB02C4B26B7341500E778E0 /* Resources */,
			);
			buildRules = (
			);
			dependencies = (
			);
			name = "cam-gallery";
			packageProductDependencies = (
				7EB02C6F26B75FFB00E778E0 /* SnapKit */,
			);
			productName = "cam-gallery";
			productReference = 7EB02C4D26B7341500E778E0 /* cam-gallery.app */;
			productType = "com.apple.product-type.application";
		};
/* End PBXNativeTarget section */

/* Begin PBXProject section */
		7EB02C4526B7341500E778E0 /* Project object */ = {
			isa = PBXProject;
			attributes = {
				LastSwiftUpdateCheck = 1250;
				LastUpgradeCheck = 1250;
				TargetAttributes = {
					7EB02C4C26B7341500E778E0 = {
						CreatedOnToolsVersion = 12.5.1;
					};
				};
			};
			buildConfigurationList = 7EB02C4826B7341500E778E0 /* Build configuration list for PBXProject "cam-gallery" */;
			compatibilityVersion = "Xcode 9.3";
			developmentRegion = en;
			hasScannedForEncodings = 0;
			knownRegions = (
				en,
				Base,
			);
			mainGroup = 7EB02C4426B7341500E778E0;
			packageReferences = (
				7EB02C6E26B75FFB00E778E0 /* XCRemoteSwiftPackageReference "SnapKit" */,
			);
			productRefGroup = 7EB02C4E26B7341500E778E0 /* Products */;
			projectDirPath = "";
			projectRoot = "";
			targets = (
				7EB02C4C26B7341500E778E0 /* cam-gallery */,
			);
		};
/* End PBXProject section */

/* Begin PBXResourcesBuildPhase section */
		7EB02C4B26B7341500E778E0 /* Resources */ = {
			isa = PBXResourcesBuildPhase;
			buildActionMask = 2147483647;
			files = (
				7EB02C5D26B7341700E778E0 /* LaunchScreen.storyboard in Resources */,
				7EB02C5A26B7341700E778E0 /* Assets.xcassets in Resources */,
			);
			runOnlyForDeploymentPostprocessing = 0;
		};
/* End PBXResourcesBuildPhase section */

/* Begin PBXSourcesBuildPhase section */
		7EB02C4926B7341500E778E0 /* Sources */ = {
			isa = PBXSourcesBuildPhase;
			buildActionMask = 2147483647;
			files = (
				7EB02C8226B7827100E778E0 /* PhotoPreviewViewController.swift in Sources */,
				7EB02C5526B7341500E778E0 /* AppContainerViewController.swift in Sources */,
				7EB02C7626B762DE00E778E0 /* UIButton+Extensions.swift in Sources */,
				7E083ADF26C2104B002F3F1F /* FilterService.swift in Sources */,
				7EB02C8426B7829400E778E0 /* PhotoPreviewView.swift in Sources */,
				7EB02C7D26B76D8500E778E0 /* UIViewController+Extensions.swift in Sources */,
				7EB02C6826B75F0600E778E0 /* GalleryViewController.swift in Sources */,
				7EB02C5126B7341500E778E0 /* AppDelegate.swift in Sources */,
				7EB02C7B26B76C4100E778E0 /* FiltersView.swift in Sources */,
				7EB02C6D26B75F6D00E778E0 /* BaseView.swift in Sources */,
				7EB02C5326B7341500E778E0 /* SceneDelegate.swift in Sources */,
				7EB02C7926B76AF600E778E0 /* FiltersViewController.swift in Sources */,
				7EB02C6A26B75F4100E778E0 /* GalleryView.swift in Sources */,
				7EB02C7F26B777E500E778E0 /* PhotoViewCell.swift in Sources */,
			);
			runOnlyForDeploymentPostprocessing = 0;
		};
/* End PBXSourcesBuildPhase section */

/* Begin PBXVariantGroup section */
		7EB02C5B26B7341700E778E0 /* LaunchScreen.storyboard */ = {
			isa = PBXVariantGroup;
			children = (
				7EB02C5C26B7341700E778E0 /* Base */,
			);
			name = LaunchScreen.storyboard;
			sourceTree = "<group>";
		};
/* End PBXVariantGroup section */

/* Begin XCBuildConfiguration section */
		7EB02C5F26B7341700E778E0 /* Debug */ = {
			isa = XCBuildConfiguration;
			buildSettings = {
				ALWAYS_SEARCH_USER_PATHS = NO;
				CLANG_ANALYZER_NONNULL = YES;
				CLANG_ANALYZER_NUMBER_OBJECT_CONVERSION = YES_AGGRESSIVE;
				CLANG_CXX_LANGUAGE_STANDARD = "gnu++14";
				CLANG_CXX_LIBRARY = "libc++";
				CLANG_ENABLE_MODULES = YES;
				CLANG_ENABLE_OBJC_ARC = YES;
				CLANG_ENABLE_OBJC_WEAK = YES;
				CLANG_WARN_BLOCK_CAPTURE_AUTORELEASING = YES;
				CLANG_WARN_BOOL_CONVERSION = YES;
				CLANG_WARN_COMMA = YES;
				CLANG_WARN_CONSTANT_CONVERSION = YES;
				CLANG_WARN_DEPRECATED_OBJC_IMPLEMENTATIONS = YES;
				CLANG_WARN_DIRECT_OBJC_ISA_USAGE = YES_ERROR;
				CLANG_WARN_DOCUMENTATION_COMMENTS = YES;
				CLANG_WARN_EMPTY_BODY = YES;
				CLANG_WARN_ENUM_CONVERSION = YES;
				CLANG_WARN_INFINITE_RECURSION = YES;
				CLANG_WARN_INT_CONVERSION = YES;
				CLANG_WARN_NON_LITERAL_NULL_CONVERSION = YES;
				CLANG_WARN_OBJC_IMPLICIT_RETAIN_SELF = YES;
				CLANG_WARN_OBJC_LITERAL_CONVERSION = YES;
				CLANG_WARN_OBJC_ROOT_CLASS = YES_ERROR;
				CLANG_WARN_QUOTED_INCLUDE_IN_FRAMEWORK_HEADER = YES;
				CLANG_WARN_RANGE_LOOP_ANALYSIS = YES;
				CLANG_WARN_STRICT_PROTOTYPES = YES;
				CLANG_WARN_SUSPICIOUS_MOVE = YES;
				CLANG_WARN_UNGUARDED_AVAILABILITY = YES_AGGRESSIVE;
				CLANG_WARN_UNREACHABLE_CODE = YES;
				CLANG_WARN__DUPLICATE_METHOD_MATCH = YES;
				COPY_PHASE_STRIP = NO;
				DEBUG_INFORMATION_FORMAT = dwarf;
				ENABLE_STRICT_OBJC_MSGSEND = YES;
				ENABLE_TESTABILITY = YES;
				GCC_C_LANGUAGE_STANDARD = gnu11;
				GCC_DYNAMIC_NO_PIC = NO;
				GCC_NO_COMMON_BLOCKS = YES;
				GCC_OPTIMIZATION_LEVEL = 0;
				GCC_PREPROCESSOR_DEFINITIONS = (
					"DEBUG=1",
					"$(inherited)",
				);
				GCC_WARN_64_TO_32_BIT_CONVERSION = YES;
				GCC_WARN_ABOUT_RETURN_TYPE = YES_ERROR;
				GCC_WARN_UNDECLARED_SELECTOR = YES;
				GCC_WARN_UNINITIALIZED_AUTOS = YES_AGGRESSIVE;
				GCC_WARN_UNUSED_FUNCTION = YES;
				GCC_WARN_UNUSED_VARIABLE = YES;
				IPHONEOS_DEPLOYMENT_TARGET = 14.5;
				MTL_ENABLE_DEBUG_INFO = INCLUDE_SOURCE;
				MTL_FAST_MATH = YES;
				ONLY_ACTIVE_ARCH = YES;
				SDKROOT = iphoneos;
				SWIFT_ACTIVE_COMPILATION_CONDITIONS = DEBUG;
				SWIFT_OPTIMIZATION_LEVEL = "-Onone";
			};
			name = Debug;
		};
		7EB02C6026B7341700E778E0 /* Release */ = {
			isa = XCBuildConfiguration;
			buildSettings = {
				ALWAYS_SEARCH_USER_PATHS = NO;
				CLANG_ANALYZER_NONNULL = YES;
				CLANG_ANALYZER_NUMBER_OBJECT_CONVERSION = YES_AGGRESSIVE;
				CLANG_CXX_LANGUAGE_STANDARD = "gnu++14";
				CLANG_CXX_LIBRARY = "libc++";
				CLANG_ENABLE_MODULES = YES;
				CLANG_ENABLE_OBJC_ARC = YES;
				CLANG_ENABLE_OBJC_WEAK = YES;
				CLANG_WARN_BLOCK_CAPTURE_AUTORELEASING = YES;
				CLANG_WARN_BOOL_CONVERSION = YES;
				CLANG_WARN_COMMA = YES;
				CLANG_WARN_CONSTANT_CONVERSION = YES;
				CLANG_WARN_DEPRECATED_OBJC_IMPLEMENTATIONS = YES;
				CLANG_WARN_DIRECT_OBJC_ISA_USAGE = YES_ERROR;
				CLANG_WARN_DOCUMENTATION_COMMENTS = YES;
				CLANG_WARN_EMPTY_BODY = YES;
				CLANG_WARN_ENUM_CONVERSION = YES;
				CLANG_WARN_INFINITE_RECURSION = YES;
				CLANG_WARN_INT_CONVERSION = YES;
				CLANG_WARN_NON_LITERAL_NULL_CONVERSION = YES;
				CLANG_WARN_OBJC_IMPLICIT_RETAIN_SELF = YES;
				CLANG_WARN_OBJC_LITERAL_CONVERSION = YES;
				CLANG_WARN_OBJC_ROOT_CLASS = YES_ERROR;
				CLANG_WARN_QUOTED_INCLUDE_IN_FRAMEWORK_HEADER = YES;
				CLANG_WARN_RANGE_LOOP_ANALYSIS = YES;
				CLANG_WARN_STRICT_PROTOTYPES = YES;
				CLANG_WARN_SUSPICIOUS_MOVE = YES;
				CLANG_WARN_UNGUARDED_AVAILABILITY = YES_AGGRESSIVE;
				CLANG_WARN_UNREACHABLE_CODE = YES;
				CLANG_WARN__DUPLICATE_METHOD_MATCH = YES;
				COPY_PHASE_STRIP = NO;
				DEBUG_INFORMATION_FORMAT = "dwarf-with-dsym";
				ENABLE_NS_ASSERTIONS = NO;
				ENABLE_STRICT_OBJC_MSGSEND = YES;
				GCC_C_LANGUAGE_STANDARD = gnu11;
				GCC_NO_COMMON_BLOCKS = YES;
				GCC_WARN_64_TO_32_BIT_CONVERSION = YES;
				GCC_WARN_ABOUT_RETURN_TYPE = YES_ERROR;
				GCC_WARN_UNDECLARED_SELECTOR = YES;
				GCC_WARN_UNINITIALIZED_AUTOS = YES_AGGRESSIVE;
				GCC_WARN_UNUSED_FUNCTION = YES;
				GCC_WARN_UNUSED_VARIABLE = YES;
				IPHONEOS_DEPLOYMENT_TARGET = 14.5;
				MTL_ENABLE_DEBUG_INFO = NO;
				MTL_FAST_MATH = YES;
				SDKROOT = iphoneos;
				SWIFT_COMPILATION_MODE = wholemodule;
				SWIFT_OPTIMIZATION_LEVEL = "-O";
				VALIDATE_PRODUCT = YES;
			};
			name = Release;
		};
		7EB02C6226B7341700E778E0 /* Debug */ = {
			isa = XCBuildConfiguration;
			buildSettings = {
				ASSETCATALOG_COMPILER_APPICON_NAME = AppIcon;
				ASSETCATALOG_COMPILER_GLOBAL_ACCENT_COLOR_NAME = AccentColor;
				CODE_SIGN_STYLE = Automatic;
				DEVELOPMENT_TEAM = 22W542X85L;
				INFOPLIST_FILE = "cam-gallery/Info.plist";
				LD_RUNPATH_SEARCH_PATHS = (
					"$(inherited)",
					"@executable_path/Frameworks",
				);
				PRODUCT_BUNDLE_IDENTIFIER = "com.sank.cam-gallery";
				PRODUCT_NAME = "$(TARGET_NAME)";
				SWIFT_VERSION = 5.0;
				TARGETED_DEVICE_FAMILY = "1,2";
			};
			name = Debug;
		};
		7EB02C6326B7341700E778E0 /* Release */ = {
			isa = XCBuildConfiguration;
			buildSettings = {
				ASSETCATALOG_COMPILER_APPICON_NAME = AppIcon;
				ASSETCATALOG_COMPILER_GLOBAL_ACCENT_COLOR_NAME = AccentColor;
				CODE_SIGN_STYLE = Automatic;
				DEVELOPMENT_TEAM = 22W542X85L;
				INFOPLIST_FILE = "cam-gallery/Info.plist";
				LD_RUNPATH_SEARCH_PATHS = (
					"$(inherited)",
					"@executable_path/Frameworks",
				);
				PRODUCT_BUNDLE_IDENTIFIER = "com.sank.cam-gallery";
				PRODUCT_NAME = "$(TARGET_NAME)";
				SWIFT_VERSION = 5.0;
				TARGETED_DEVICE_FAMILY = "1,2";
			};
			name = Release;
		};
/* End XCBuildConfiguration section */

/* Begin XCConfigurationList section */
		7EB02C4826B7341500E778E0 /* Build configuration list for PBXProject "cam-gallery" */ = {
			isa = XCConfigurationList;
			buildConfigurations = (
				7EB02C5F26B7341700E778E0 /* Debug */,
				7EB02C6026B7341700E778E0 /* Release */,
			);
			defaultConfigurationIsVisible = 0;
			defaultConfigurationName = Release;
		};
		7EB02C6126B7341700E778E0 /* Build configuration list for PBXNativeTarget "cam-gallery" */ = {
			isa = XCConfigurationList;
			buildConfigurations = (
				7EB02C6226B7341700E778E0 /* Debug */,
				7EB02C6326B7341700E778E0 /* Release */,
			);
			defaultConfigurationIsVisible = 0;
			defaultConfigurationName = Release;
		};
/* End XCConfigurationList section */

/* Begin XCRemoteSwiftPackageReference section */
		7EB02C6E26B75FFB00E778E0 /* XCRemoteSwiftPackageReference "SnapKit" */ = {
			isa = XCRemoteSwiftPackageReference;
			repositoryURL = "https://github.com/SnapKit/SnapKit.git";
			requirement = {
				kind = upToNextMajorVersion;
				minimumVersion = 5.0.1;
			};
		};
/* End XCRemoteSwiftPackageReference section */

/* Begin XCSwiftPackageProductDependency section */
		7EB02C6F26B75FFB00E778E0 /* SnapKit */ = {
			isa = XCSwiftPackageProductDependency;
			package = 7EB02C6E26B75FFB00E778E0 /* XCRemoteSwiftPackageReference "SnapKit" */;
			productName = SnapKit;
		};
/* End XCSwiftPackageProductDependency section */
	};
	rootObject = 7EB02C4526B7341500E778E0 /* Project object */;
}
